
Microsoft Visual Studio Solution File, Format Version 12.00
# Visual Studio Version 17
VisualStudioVersion = 17.3.32825.248
MinimumVisualStudioVersion = 10.0.40219.1
Project("{2150E333-8FDC-42A3-9474-1A3956D46DE8}") = "Core", "Core", "{8E4BA930-0A71-4F7C-8372-FA2031F86F10}"
EndProject
Project("{9A19103F-16F7-4668-BE54-9A1E7A4F7556}") = "ECommerceAPI.Domain", "Core\ECommerceAPI.Domain\ECommerceAPI.Domain.csproj", "{B2C3C7F7-EC3E-4A7B-AE34-FF3E94A38F98}"
EndProject
Project("{9A19103F-16F7-4668-BE54-9A1E7A4F7556}") = "ECommerceAPI.Application", "Core\ECommerceAPI.Application\ECommerceAPI.Application.csproj", "{88DF4123-D8E8-44F1-AFE1-2345DBCE9C02}"
EndProject
Project("{2150E333-8FDC-42A3-9474-1A3956D46DE8}") = "Infrastructure", "Infrastructure", "{21BABAD5-9F7A-42AA-8AFE-269627A6442B}"
EndProject
Project("{2150E333-8FDC-42A3-9474-1A3956D46DE8}") = "Presentation", "Presentation", "{6D286FAD-7E65-4A3D-950C-D789CDC5D482}"
EndProject
Project("{9A19103F-16F7-4668-BE54-9A1E7A4F7556}") = "ECommerceAPI.Infrastructure", "Infrastructure\ECommerceAPI.Infrastructure\ECommerceAPI.Infrastructure.csproj", "{88B313CE-CADD-47B8-B86B-BDD2C7698113}"
EndProject
Project("{9A19103F-16F7-4668-BE54-9A1E7A4F7556}") = "ECommerceAPI.Persistence", "Infrastructure\ECommerceAPI.Persistence\ECommerceAPI.Persistence.csproj", "{3645A4F6-185A-4C41-AD8A-BEAAFA55AFAB}"
EndProject
Project("{9A19103F-16F7-4668-BE54-9A1E7A4F7556}") = "ECommerceAPI", "Presentation\ECommerceAPI\ECommerceAPI.csproj", "{050776CC-C158-4AAC-82D8-AC1C635A593C}"
EndProject
Project("{FAE04EC0-301F-11D3-BF4B-00C04F79EFBC}") = "ECommerceAPI.SignalR", "Infrastructure\ECommerceAPI.SignalR\ECommerceAPI.SignalR.csproj", "{212CC443-6916-41DF-AADD-C40AC251F4E2}"
EndProject
Global
	GlobalSection(SolutionConfigurationPlatforms) = preSolution
		Debug|Any CPU = Debug|Any CPU
		Release|Any CPU = Release|Any CPU
	EndGlobalSection
	GlobalSection(ProjectConfigurationPlatforms) = postSolution
		{B2C3C7F7-EC3E-4A7B-AE34-FF3E94A38F98}.Debug|Any CPU.ActiveCfg = Debug|Any CPU
		{B2C3C7F7-EC3E-4A7B-AE34-FF3E94A38F98}.Debug|Any CPU.Build.0 = Debug|Any CPU
		{B2C3C7F7-EC3E-4A7B-AE34-FF3E94A38F98}.Release|Any CPU.ActiveCfg = Release|Any CPU
		{B2C3C7F7-EC3E-4A7B-AE34-FF3E94A38F98}.Release|Any CPU.Build.0 = Release|Any CPU
		{88DF4123-D8E8-44F1-AFE1-2345DBCE9C02}.Debug|Any CPU.ActiveCfg = Debug|Any CPU
		{88DF4123-D8E8-44F1-AFE1-2345DBCE9C02}.Debug|Any CPU.Build.0 = Debug|Any CPU
		{88DF4123-D8E8-44F1-AFE1-2345DBCE9C02}.Release|Any CPU.ActiveCfg = Release|Any CPU
		{88DF4123-D8E8-44F1-AFE1-2345DBCE9C02}.Release|Any CPU.Build.0 = Release|Any CPU
		{88B313CE-CADD-47B8-B86B-BDD2C7698113}.Debug|Any CPU.ActiveCfg = Debug|Any CPU
		{88B313CE-CADD-47B8-B86B-BDD2C7698113}.Debug|Any CPU.Build.0 = Debug|Any CPU
		{88B313CE-CADD-47B8-B86B-BDD2C7698113}.Release|Any CPU.ActiveCfg = Release|Any CPU
		{88B313CE-CADD-47B8-B86B-BDD2C7698113}.Release|Any CPU.Build.0 = Release|Any CPU
		{3645A4F6-185A-4C41-AD8A-BEAAFA55AFAB}.Debug|Any CPU.ActiveCfg = Debug|Any CPU
		{3645A4F6-185A-4C41-AD8A-BEAAFA55AFAB}.Debug|Any CPU.Build.0 = Debug|Any CPU
		{3645A4F6-185A-4C41-AD8A-BEAAFA55AFAB}.Release|Any CPU.ActiveCfg = Release|Any CPU
		{3645A4F6-185A-4C41-AD8A-BEAAFA55AFAB}.Release|Any CPU.Build.0 = Release|Any CPU
		{050776CC-C158-4AAC-82D8-AC1C635A593C}.Debug|Any CPU.ActiveCfg = Debug|Any CPU
		{050776CC-C158-4AAC-82D8-AC1C635A593C}.Debug|Any CPU.Build.0 = Debug|Any CPU
		{050776CC-C158-4AAC-82D8-AC1C635A593C}.Release|Any CPU.ActiveCfg = Release|Any CPU
		{050776CC-C158-4AAC-82D8-AC1C635A593C}.Release|Any CPU.Build.0 = Release|Any CPU
		{212CC443-6916-41DF-AADD-C40AC251F4E2}.Debug|Any CPU.ActiveCfg = Debug|Any CPU
		{212CC443-6916-41DF-AADD-C40AC251F4E2}.Debug|Any CPU.Build.0 = Debug|Any CPU
		{212CC443-6916-41DF-AADD-C40AC251F4E2}.Release|Any CPU.ActiveCfg = Release|Any CPU
		{212CC443-6916-41DF-AADD-C40AC251F4E2}.Release|Any CPU.Build.0 = Release|Any CPU
	EndGlobalSection
	GlobalSection(SolutionProperties) = preSolution
		HideSolutionNode = FALSE
	EndGlobalSection
	GlobalSection(NestedProjects) = preSolution
		{B2C3C7F7-EC3E-4A7B-AE34-FF3E94A38F98} = {8E4BA930-0A71-4F7C-8372-FA2031F86F10}
		{88DF4123-D8E8-44F1-AFE1-2345DBCE9C02} = {8E4BA930-0A71-4F7C-8372-FA2031F86F10}
		{88B313CE-CADD-47B8-B86B-BDD2C7698113} = {21BABAD5-9F7A-42AA-8AFE-269627A6442B}
		{3645A4F6-185A-4C41-AD8A-BEAAFA55AFAB} = {21BABAD5-9F7A-42AA-8AFE-269627A6442B}
		{050776CC-C158-4AAC-82D8-AC1C635A593C} = {6D286FAD-7E65-4A3D-950C-D789CDC5D482}
		{212CC443-6916-41DF-AADD-C40AC251F4E2} = {21BABAD5-9F7A-42AA-8AFE-269627A6442B}
	EndGlobalSection
	GlobalSection(ExtensibilityGlobals) = postSolution
		SolutionGuid = {16B12B4F-7222-44E6-963D-BCB4A934E3EC}
	EndGlobalSection
EndGlobal
